
Microsoft Visual Studio Solution File, Format Version 12.00
# Visual Studio Version 16
VisualStudioVersion = 16.0.30804.86
MinimumVisualStudioVersion = 10.0.40219.1
Project("{9A19103F-16F7-4668-BE54-9A1E7A4F7556}") = "MongoDB", "MongoDB\MongoDB.csproj", "{0647330E-1D20-4353-9734-3302CA753059}"
EndProject
Project("{FAE04EC0-301F-11D3-BF4B-00C04F79EFBC}") = "MongoDB.Domain", "MongoDB.Domain\MongoDB.Domain.csproj", "{02E3828B-443D-480A-8E09-824FEF624E7C}"
EndProject
Project("{FAE04EC0-301F-11D3-BF4B-00C04F79EFBC}") = "MongoDB.Infrastrutcture", "MongoDB.Infrastrutcture\MongoDB.Infrastrutcture.csproj", "{F7014AF7-55AC-45F4-94D3-D3CD89530B92}"
EndProject
Global
	GlobalSection(SolutionConfigurationPlatforms) = preSolution
		Debug|Any CPU = Debug|Any CPU
		Release|Any CPU = Release|Any CPU
	EndGlobalSection
	GlobalSection(ProjectConfigurationPlatforms) = postSolution
		{0647330E-1D20-4353-9734-3302CA753059}.Debug|Any CPU.ActiveCfg = Debug|Any CPU
		{0647330E-1D20-4353-9734-3302CA753059}.Debug|Any CPU.Build.0 = Debug|Any CPU
		{0647330E-1D20-4353-9734-3302CA753059}.Release|Any CPU.ActiveCfg = Release|Any CPU
		{0647330E-1D20-4353-9734-3302CA753059}.Release|Any CPU.Build.0 = Release|Any CPU
		{02E3828B-443D-480A-8E09-824FEF624E7C}.Debug|Any CPU.ActiveCfg = Debug|Any CPU
		{02E3828B-443D-480A-8E09-824FEF624E7C}.Debug|Any CPU.Build.0 = Debug|Any CPU
		{02E3828B-443D-480A-8E09-824FEF624E7C}.Release|Any CPU.ActiveCfg = Release|Any CPU
		{02E3828B-443D-480A-8E09-824FEF624E7C}.Release|Any CPU.Build.0 = Release|Any CPU
		{F7014AF7-55AC-45F4-94D3-D3CD89530B92}.Debug|Any CPU.ActiveCfg = Debug|Any CPU
		{F7014AF7-55AC-45F4-94D3-D3CD89530B92}.Debug|Any CPU.Build.0 = Debug|Any CPU
		{F7014AF7-55AC-45F4-94D3-D3CD89530B92}.Release|Any CPU.ActiveCfg = Release|Any CPU
		{F7014AF7-55AC-45F4-94D3-D3CD89530B92}.Release|Any CPU.Build.0 = Release|Any CPU
	EndGlobalSection
	GlobalSection(SolutionProperties) = preSolution
		HideSolutionNode = FALSE
	EndGlobalSection
	GlobalSection(ExtensibilityGlobals) = postSolution
		SolutionGuid = {7DBFD5AA-B774-4C98-94C5-BFC47CFAF6A7}
	EndGlobalSection
EndGlobal
